// !$*UTF8*$!
{
	archiveVersion = 1;
	classes = {
	};
	objectVersion = 51;
	objects = {

/* Begin PBXBuildFile section */
		AF3A259C25A835AE003EB9FF /* MainViewController.swift in Sources */ = {isa = PBXBuildFile; fileRef = AF3A259B25A835AE003EB9FF /* MainViewController.swift */; };
		AF3A25A425A8426D003EB9FF /* UIButtonExtension.swift in Sources */ = {isa = PBXBuildFile; fileRef = AF3A25A325A8426D003EB9FF /* UIButtonExtension.swift */; };
		AF3A25A725A844DA003EB9FF /* LoginTableViewController.swift in Sources */ = {isa = PBXBuildFile; fileRef = AF3A25A625A844DA003EB9FF /* LoginTableViewController.swift */; };
		AF3A25AA25A98A77003EB9FF /* ResetPasswordTableViewController.swift in Sources */ = {isa = PBXBuildFile; fileRef = AF3A25A925A98A77003EB9FF /* ResetPasswordTableViewController.swift */; };
		AF3A25AE25A99555003EB9FF /* TuyaSmartMain.storyboard in Resources */ = {isa = PBXBuildFile; fileRef = AF3A25AC25A99555003EB9FF /* TuyaSmartMain.storyboard */; };
		AF3A25B225A99E02003EB9FF /* UIViewControllerExtension.swift in Sources */ = {isa = PBXBuildFile; fileRef = AF3A25B125A99E02003EB9FF /* UIViewControllerExtension.swift */; };
		AF3A25B525A9ADD6003EB9FF /* AccountType.swift in Sources */ = {isa = PBXBuildFile; fileRef = AF3A25B425A9ADD6003EB9FF /* AccountType.swift */; };
		AF3A25B925AD7CC1003EB9FF /* UserInformationTableViewController.swift in Sources */ = {isa = PBXBuildFile; fileRef = AF3A25B825AD7CC1003EB9FF /* UserInformationTableViewController.swift */; };
		AF5531E025A5992500E13562 /* AppDelegate.swift in Sources */ = {isa = PBXBuildFile; fileRef = AF5531DF25A5992500E13562 /* AppDelegate.swift */; };
		AF5531E225A5992500E13562 /* SceneDelegate.swift in Sources */ = {isa = PBXBuildFile; fileRef = AF5531E125A5992500E13562 /* SceneDelegate.swift */; };
		AF5531E925A5992800E13562 /* Assets.xcassets in Resources */ = {isa = PBXBuildFile; fileRef = AF5531E825A5992800E13562 /* Assets.xcassets */; };
		AF55320D25A59BE800E13562 /* AppKey.swift in Sources */ = {isa = PBXBuildFile; fileRef = AF55320C25A59BE800E13562 /* AppKey.swift */; };
		AF5E2F3125A59FE600DAF14E /* t_s.bmp in Resources */ = {isa = PBXBuildFile; fileRef = AF5E2F3025A59FE600DAF14E /* t_s.bmp */; };
		AF5E2F3E25A5A08600DAF14E /* LaunchScreen.storyboard in Resources */ = {isa = PBXBuildFile; fileRef = AF5E2F3425A5A08600DAF14E /* LaunchScreen.storyboard */; };
		AF5E2F3F25A5A08600DAF14E /* Register.storyboard in Resources */ = {isa = PBXBuildFile; fileRef = AF5E2F3625A5A08600DAF14E /* Register.storyboard */; };
		AF5E2F4025A5A08600DAF14E /* Main.storyboard in Resources */ = {isa = PBXBuildFile; fileRef = AF5E2F3825A5A08600DAF14E /* Main.storyboard */; };
		AF5E2F4125A5A08600DAF14E /* Login.storyboard in Resources */ = {isa = PBXBuildFile; fileRef = AF5E2F3A25A5A08600DAF14E /* Login.storyboard */; };
		AF5E2F4225A5A08600DAF14E /* UserInformation.storyboard in Resources */ = {isa = PBXBuildFile; fileRef = AF5E2F3C25A5A08600DAF14E /* UserInformation.storyboard */; };
		AF5E2F4825A5A51B00DAF14E /* TuyaSmartMainTableViewController.swift in Sources */ = {isa = PBXBuildFile; fileRef = AF5E2F4725A5A51B00DAF14E /* TuyaSmartMainTableViewController.swift */; };
		AF5E2F4D25A5D28A00DAF14E /* RegisterTableViewController.swift in Sources */ = {isa = PBXBuildFile; fileRef = AF5E2F4C25A5D28A00DAF14E /* RegisterTableViewController.swift */; };
		AF5E2F5225A5D60B00DAF14E /* Alert.swift in Sources */ = {isa = PBXBuildFile; fileRef = AF5E2F5125A5D60B00DAF14E /* Alert.swift */; };
		D64DAAF8C02D7910A3FDF6AA /* libPods-TuyaAppSDKSample-iOS-Swift.a in Frameworks */ = {isa = PBXBuildFile; fileRef = 8D9CF2E131C02FB7CF628AC8 /* libPods-TuyaAppSDKSample-iOS-Swift.a */; };
/* End PBXBuildFile section */

/* Begin PBXFileReference section */
		207E8BAF216CF8ED00C5937A /* Pods-TuyaAppSDKSample-iOS-Swift.release.xcconfig */ = {isa = PBXFileReference; includeInIndex = 1; lastKnownFileType = text.xcconfig; name = "Pods-TuyaAppSDKSample-iOS-Swift.release.xcconfig"; path = "Target Support Files/Pods-TuyaAppSDKSample-iOS-Swift/Pods-TuyaAppSDKSample-iOS-Swift.release.xcconfig"; sourceTree = "<group>"; };
		8D9CF2E131C02FB7CF628AC8 /* libPods-TuyaAppSDKSample-iOS-Swift.a */ = {isa = PBXFileReference; explicitFileType = archive.ar; includeInIndex = 0; path = "libPods-TuyaAppSDKSample-iOS-Swift.a"; sourceTree = BUILT_PRODUCTS_DIR; };
		AF3A259B25A835AE003EB9FF /* MainViewController.swift */ = {isa = PBXFileReference; lastKnownFileType = sourcecode.swift; path = MainViewController.swift; sourceTree = "<group>"; };
		AF3A25A325A8426D003EB9FF /* UIButtonExtension.swift */ = {isa = PBXFileReference; lastKnownFileType = sourcecode.swift; path = UIButtonExtension.swift; sourceTree = "<group>"; };
		AF3A25A625A844DA003EB9FF /* LoginTableViewController.swift */ = {isa = PBXFileReference; lastKnownFileType = sourcecode.swift; path = LoginTableViewController.swift; sourceTree = "<group>"; };
		AF3A25A925A98A77003EB9FF /* ResetPasswordTableViewController.swift */ = {isa = PBXFileReference; lastKnownFileType = sourcecode.swift; path = ResetPasswordTableViewController.swift; sourceTree = "<group>"; };
		AF3A25AD25A99555003EB9FF /* Base */ = {isa = PBXFileReference; lastKnownFileType = file.storyboard; name = Base; path = Base.lproj/TuyaSmartMain.storyboard; sourceTree = "<group>"; };
		AF3A25B125A99E02003EB9FF /* UIViewControllerExtension.swift */ = {isa = PBXFileReference; lastKnownFileType = sourcecode.swift; path = UIViewControllerExtension.swift; sourceTree = "<group>"; };
		AF3A25B425A9ADD6003EB9FF /* AccountType.swift */ = {isa = PBXFileReference; lastKnownFileType = sourcecode.swift; path = AccountType.swift; sourceTree = "<group>"; };
		AF3A25B825AD7CC1003EB9FF /* UserInformationTableViewController.swift */ = {isa = PBXFileReference; lastKnownFileType = sourcecode.swift; path = UserInformationTableViewController.swift; sourceTree = "<group>"; };
		AF5531DC25A5992500E13562 /* TuyaAppSDKSample-iOS-Swift.app */ = {isa = PBXFileReference; explicitFileType = wrapper.application; includeInIndex = 0; path = "TuyaAppSDKSample-iOS-Swift.app"; sourceTree = BUILT_PRODUCTS_DIR; };
		AF5531DF25A5992500E13562 /* AppDelegate.swift */ = {isa = PBXFileReference; lastKnownFileType = sourcecode.swift; path = AppDelegate.swift; sourceTree = "<group>"; };
		AF5531E125A5992500E13562 /* SceneDelegate.swift */ = {isa = PBXFileReference; lastKnownFileType = sourcecode.swift; path = SceneDelegate.swift; sourceTree = "<group>"; };
		AF5531E825A5992800E13562 /* Assets.xcassets */ = {isa = PBXFileReference; lastKnownFileType = folder.assetcatalog; path = Assets.xcassets; sourceTree = "<group>"; };
		AF5531ED25A5992800E13562 /* Info.plist */ = {isa = PBXFileReference; lastKnownFileType = text.plist.xml; path = Info.plist; sourceTree = "<group>"; };
		AF55320C25A59BE800E13562 /* AppKey.swift */ = {isa = PBXFileReference; lastKnownFileType = sourcecode.swift; path = AppKey.swift; sourceTree = "<group>"; };
		AF5E2F3025A59FE600DAF14E /* t_s.bmp */ = {isa = PBXFileReference; lastKnownFileType = image.bmp; path = t_s.bmp; sourceTree = "<group>"; };
		AF5E2F3525A5A08600DAF14E /* Base */ = {isa = PBXFileReference; lastKnownFileType = file.storyboard; name = Base; path = Base.lproj/LaunchScreen.storyboard; sourceTree = "<group>"; };
		AF5E2F3725A5A08600DAF14E /* Base */ = {isa = PBXFileReference; lastKnownFileType = file.storyboard; name = Base; path = Base.lproj/Register.storyboard; sourceTree = "<group>"; };
		AF5E2F3925A5A08600DAF14E /* Base */ = {isa = PBXFileReference; lastKnownFileType = file.storyboard; name = Base; path = Base.lproj/Main.storyboard; sourceTree = "<group>"; };
		AF5E2F3B25A5A08600DAF14E /* Base */ = {isa = PBXFileReference; lastKnownFileType = file.storyboard; name = Base; path = Base.lproj/Login.storyboard; sourceTree = "<group>"; };
		AF5E2F3D25A5A08600DAF14E /* Base */ = {isa = PBXFileReference; lastKnownFileType = file.storyboard; name = Base; path = Base.lproj/UserInformation.storyboard; sourceTree = "<group>"; };
		AF5E2F4725A5A51B00DAF14E /* TuyaSmartMainTableViewController.swift */ = {isa = PBXFileReference; lastKnownFileType = sourcecode.swift; path = TuyaSmartMainTableViewController.swift; sourceTree = "<group>"; };
		AF5E2F4C25A5D28A00DAF14E /* RegisterTableViewController.swift */ = {isa = PBXFileReference; lastKnownFileType = sourcecode.swift; path = RegisterTableViewController.swift; sourceTree = "<group>"; };
		AF5E2F5125A5D60B00DAF14E /* Alert.swift */ = {isa = PBXFileReference; lastKnownFileType = sourcecode.swift; path = Alert.swift; sourceTree = "<group>"; };
		B2A4751A3340941A1C42F4D9 /* Pods-TuyaAppSDKSample-iOS-Swift.debug.xcconfig */ = {isa = PBXFileReference; includeInIndex = 1; lastKnownFileType = text.xcconfig; name = "Pods-TuyaAppSDKSample-iOS-Swift.debug.xcconfig"; path = "Target Support Files/Pods-TuyaAppSDKSample-iOS-Swift/Pods-TuyaAppSDKSample-iOS-Swift.debug.xcconfig"; sourceTree = "<group>"; };
/* End PBXFileReference section */

/* Begin PBXFrameworksBuildPhase section */
		AF5531D925A5992500E13562 /* Frameworks */ = {
			isa = PBXFrameworksBuildPhase;
			buildActionMask = 2147483647;
			files = (
				D64DAAF8C02D7910A3FDF6AA /* libPods-TuyaAppSDKSample-iOS-Swift.a in Frameworks */,
			);
			runOnlyForDeploymentPostprocessing = 0;
		};
/* End PBXFrameworksBuildPhase section */

/* Begin PBXGroup section */
		87E8F60384D829671393D688 /* Frameworks */ = {
			isa = PBXGroup;
			children = (
				8D9CF2E131C02FB7CF628AC8 /* libPods-TuyaAppSDKSample-iOS-Swift.a */,
			);
			name = Frameworks;
			sourceTree = "<group>";
		};
		AF5531D325A5992500E13562 = {
			isa = PBXGroup;
			children = (
				AF5531DE25A5992500E13562 /* TuyaAppSDKSample-iOS-Swift */,
				AF5531DD25A5992500E13562 /* Products */,
				BD36B163EF3854B6423E5580 /* Pods */,
				87E8F60384D829671393D688 /* Frameworks */,
			);
			sourceTree = "<group>";
		};
		AF5531DD25A5992500E13562 /* Products */ = {
			isa = PBXGroup;
			children = (
				AF5531DC25A5992500E13562 /* TuyaAppSDKSample-iOS-Swift.app */,
			);
			name = Products;
			sourceTree = "<group>";
		};
		AF5531DE25A5992500E13562 /* TuyaAppSDKSample-iOS-Swift */ = {
			isa = PBXGroup;
			children = (
				AF55320C25A59BE800E13562 /* AppKey.swift */,
				AF5531DF25A5992500E13562 /* AppDelegate.swift */,
				AF5531E125A5992500E13562 /* SceneDelegate.swift */,
				AF5E2F3325A5A08600DAF14E /* StoryBoard */,
				AF5E2F4625A5A4F300DAF14E /* ViewController */,
				AF5E2F5025A5D5FB00DAF14E /* Helper */,
				AF5531E825A5992800E13562 /* Assets.xcassets */,
				AF5531ED25A5992800E13562 /* Info.plist */,
				AF5E2F3025A59FE600DAF14E /* t_s.bmp */,
			);
			path = "TuyaAppSDKSample-iOS-Swift";
			sourceTree = "<group>";
		};
		AF5E2F3325A5A08600DAF14E /* StoryBoard */ = {
			isa = PBXGroup;
			children = (
				AF3A25AC25A99555003EB9FF /* TuyaSmartMain.storyboard */,
				AF5E2F3425A5A08600DAF14E /* LaunchScreen.storyboard */,
				AF5E2F3625A5A08600DAF14E /* Register.storyboard */,
				AF5E2F3825A5A08600DAF14E /* Main.storyboard */,
				AF5E2F3A25A5A08600DAF14E /* Login.storyboard */,
				AF5E2F3C25A5A08600DAF14E /* UserInformation.storyboard */,
			);
			path = StoryBoard;
			sourceTree = "<group>";
		};
		AF5E2F4625A5A4F300DAF14E /* ViewController */ = {
			isa = PBXGroup;
			children = (
				AF3A259B25A835AE003EB9FF /* MainViewController.swift */,
				AF5E2F4725A5A51B00DAF14E /* TuyaSmartMainTableViewController.swift */,
				AF5E2F4B25A5D26E00DAF14E /* User Management */,
			);
			path = ViewController;
			sourceTree = "<group>";
		};
		AF5E2F4B25A5D26E00DAF14E /* User Management */ = {
			isa = PBXGroup;
			children = (
				AF3A25B425A9ADD6003EB9FF /* AccountType.swift */,
				AF5E2F4C25A5D28A00DAF14E /* RegisterTableViewController.swift */,
				AF3A25A625A844DA003EB9FF /* LoginTableViewController.swift */,
				AF3A25A925A98A77003EB9FF /* ResetPasswordTableViewController.swift */,
				AF3A25B825AD7CC1003EB9FF /* UserInformationTableViewController.swift */,
			);
			path = "User Management";
			sourceTree = "<group>";
		};
		AF5E2F5025A5D5FB00DAF14E /* Helper */ = {
			isa = PBXGroup;
			children = (
				AF5E2F5125A5D60B00DAF14E /* Alert.swift */,
				AF3A25A325A8426D003EB9FF /* UIButtonExtension.swift */,
				AF3A25B125A99E02003EB9FF /* UIViewControllerExtension.swift */,
			);
			path = Helper;
			sourceTree = "<group>";
		};
		BD36B163EF3854B6423E5580 /* Pods */ = {
			isa = PBXGroup;
			children = (
				B2A4751A3340941A1C42F4D9 /* Pods-TuyaAppSDKSample-iOS-Swift.debug.xcconfig */,
				207E8BAF216CF8ED00C5937A /* Pods-TuyaAppSDKSample-iOS-Swift.release.xcconfig */,
			);
			path = Pods;
			sourceTree = "<group>";
		};
/* End PBXGroup section */

/* Begin PBXNativeTarget section */
		AF5531DB25A5992500E13562 /* TuyaAppSDKSample-iOS-Swift */ = {
			isa = PBXNativeTarget;
			buildConfigurationList = AF5531F025A5992800E13562 /* Build configuration list for PBXNativeTarget "TuyaAppSDKSample-iOS-Swift" */;
			buildPhases = (
				A1B71A9A9659F8885DE3459F /* [CP] Check Pods Manifest.lock */,
				AF5531D825A5992500E13562 /* Sources */,
				AF5531D925A5992500E13562 /* Frameworks */,
				AF5531DA25A5992500E13562 /* Resources */,
				121D07C97DDC35545C17097B /* [CP] Embed Pods Frameworks */,
				6E5A55F369AA0968BCF6376C /* [CP] Copy Pods Resources */,
			);
			buildRules = (
			);
			dependencies = (
			);
			name = "TuyaAppSDKSample-iOS-Swift";
			productName = "TuyaAppSDKSample-iOS-Swift";
			productReference = AF5531DC25A5992500E13562 /* TuyaAppSDKSample-iOS-Swift.app */;
			productType = "com.apple.product-type.application";
		};
/* End PBXNativeTarget section */

/* Begin PBXProject section */
		AF5531D425A5992500E13562 /* Project object */ = {
			isa = PBXProject;
			attributes = {
				LastSwiftUpdateCheck = 1230;
				LastUpgradeCheck = 1230;
				TargetAttributes = {
					AF5531DB25A5992500E13562 = {
						CreatedOnToolsVersion = 12.3;
					};
				};
			};
			buildConfigurationList = AF5531D725A5992500E13562 /* Build configuration list for PBXProject "TuyaAppSDKSample-iOS-Swift" */;
			compatibilityVersion = "Xcode 9.3";
			developmentRegion = en;
			hasScannedForEncodings = 0;
			knownRegions = (
				en,
				Base,
			);
			mainGroup = AF5531D325A5992500E13562;
			productRefGroup = AF5531DD25A5992500E13562 /* Products */;
			projectDirPath = "";
			projectRoot = "";
			targets = (
				AF5531DB25A5992500E13562 /* TuyaAppSDKSample-iOS-Swift */,
			);
		};
/* End PBXProject section */

/* Begin PBXResourcesBuildPhase section */
		AF5531DA25A5992500E13562 /* Resources */ = {
			isa = PBXResourcesBuildPhase;
			buildActionMask = 2147483647;
			files = (
				AF5E2F4125A5A08600DAF14E /* Login.storyboard in Resources */,
				AF5E2F4025A5A08600DAF14E /* Main.storyboard in Resources */,
				AF5531E925A5992800E13562 /* Assets.xcassets in Resources */,
				AF5E2F3125A59FE600DAF14E /* t_s.bmp in Resources */,
				AF5E2F3E25A5A08600DAF14E /* LaunchScreen.storyboard in Resources */,
				AF5E2F3F25A5A08600DAF14E /* Register.storyboard in Resources */,
				AF3A25AE25A99555003EB9FF /* TuyaSmartMain.storyboard in Resources */,
				AF5E2F4225A5A08600DAF14E /* UserInformation.storyboard in Resources */,
			);
			runOnlyForDeploymentPostprocessing = 0;
		};
/* End PBXResourcesBuildPhase section */

/* Begin PBXShellScriptBuildPhase section */
		121D07C97DDC35545C17097B /* [CP] Embed Pods Frameworks */ = {
			isa = PBXShellScriptBuildPhase;
			buildActionMask = 2147483647;
			files = (
			);
			inputFileListPaths = (
				"${PODS_ROOT}/Target Support Files/Pods-TuyaAppSDKSample-iOS-Swift/Pods-TuyaAppSDKSample-iOS-Swift-frameworks-${CONFIGURATION}-input-files.xcfilelist",
			);
			name = "[CP] Embed Pods Frameworks";
			outputFileListPaths = (
				"${PODS_ROOT}/Target Support Files/Pods-TuyaAppSDKSample-iOS-Swift/Pods-TuyaAppSDKSample-iOS-Swift-frameworks-${CONFIGURATION}-output-files.xcfilelist",
			);
			runOnlyForDeploymentPostprocessing = 0;
			shellPath = /bin/sh;
			shellScript = "\"${PODS_ROOT}/Target Support Files/Pods-TuyaAppSDKSample-iOS-Swift/Pods-TuyaAppSDKSample-iOS-Swift-frameworks.sh\"\n";
			showEnvVarsInLog = 0;
		};
		6E5A55F369AA0968BCF6376C /* [CP] Copy Pods Resources */ = {
			isa = PBXShellScriptBuildPhase;
			buildActionMask = 2147483647;
			files = (
			);
			inputFileListPaths = (
				"${PODS_ROOT}/Target Support Files/Pods-TuyaAppSDKSample-iOS-Swift/Pods-TuyaAppSDKSample-iOS-Swift-resources-${CONFIGURATION}-input-files.xcfilelist",
			);
			name = "[CP] Copy Pods Resources";
			outputFileListPaths = (
				"${PODS_ROOT}/Target Support Files/Pods-TuyaAppSDKSample-iOS-Swift/Pods-TuyaAppSDKSample-iOS-Swift-resources-${CONFIGURATION}-output-files.xcfilelist",
			);
			runOnlyForDeploymentPostprocessing = 0;
			shellPath = /bin/sh;
			shellScript = "\"${PODS_ROOT}/Target Support Files/Pods-TuyaAppSDKSample-iOS-Swift/Pods-TuyaAppSDKSample-iOS-Swift-resources.sh\"\n";
			showEnvVarsInLog = 0;
		};
		A1B71A9A9659F8885DE3459F /* [CP] Check Pods Manifest.lock */ = {
			isa = PBXShellScriptBuildPhase;
			buildActionMask = 2147483647;
			files = (
			);
			inputFileListPaths = (
			);
			inputPaths = (
				"${PODS_PODFILE_DIR_PATH}/Podfile.lock",
				"${PODS_ROOT}/Manifest.lock",
			);
			name = "[CP] Check Pods Manifest.lock";
			outputFileListPaths = (
			);
			outputPaths = (
				"$(DERIVED_FILE_DIR)/Pods-TuyaAppSDKSample-iOS-Swift-checkManifestLockResult.txt",
			);
			runOnlyForDeploymentPostprocessing = 0;
			shellPath = /bin/sh;
			shellScript = "diff \"${PODS_PODFILE_DIR_PATH}/Podfile.lock\" \"${PODS_ROOT}/Manifest.lock\" > /dev/null\nif [ $? != 0 ] ; then\n    # print error to STDERR\n    echo \"error: The sandbox is not in sync with the Podfile.lock. Run 'pod install' or update your CocoaPods installation.\" >&2\n    exit 1\nfi\n# This output is used by Xcode 'outputs' to avoid re-running this script phase.\necho \"SUCCESS\" > \"${SCRIPT_OUTPUT_FILE_0}\"\n";
			showEnvVarsInLog = 0;
		};
/* End PBXShellScriptBuildPhase section */

/* Begin PBXSourcesBuildPhase section */
		AF5531D825A5992500E13562 /* Sources */ = {
			isa = PBXSourcesBuildPhase;
			buildActionMask = 2147483647;
			files = (
				AF3A259C25A835AE003EB9FF /* MainViewController.swift in Sources */,
				AF3A25A425A8426D003EB9FF /* UIButtonExtension.swift in Sources */,
				AF3A25AA25A98A77003EB9FF /* ResetPasswordTableViewController.swift in Sources */,
				AF3A25A725A844DA003EB9FF /* LoginTableViewController.swift in Sources */,
				AF5E2F5225A5D60B00DAF14E /* Alert.swift in Sources */,
				AF3A25B925AD7CC1003EB9FF /* UserInformationTableViewController.swift in Sources */,
				AF5E2F4825A5A51B00DAF14E /* TuyaSmartMainTableViewController.swift in Sources */,
				AF5E2F4D25A5D28A00DAF14E /* RegisterTableViewController.swift in Sources */,
				AF3A25B525A9ADD6003EB9FF /* AccountType.swift in Sources */,
				AF5531E025A5992500E13562 /* AppDelegate.swift in Sources */,
				AF55320D25A59BE800E13562 /* AppKey.swift in Sources */,
				AF3A25B225A99E02003EB9FF /* UIViewControllerExtension.swift in Sources */,
				AF5531E225A5992500E13562 /* SceneDelegate.swift in Sources */,
			);
			runOnlyForDeploymentPostprocessing = 0;
		};
/* End PBXSourcesBuildPhase section */

/* Begin PBXVariantGroup section */
		AF3A25AC25A99555003EB9FF /* TuyaSmartMain.storyboard */ = {
			isa = PBXVariantGroup;
			children = (
				AF3A25AD25A99555003EB9FF /* Base */,
			);
			name = TuyaSmartMain.storyboard;
			sourceTree = "<group>";
		};
		AF5E2F3425A5A08600DAF14E /* LaunchScreen.storyboard */ = {
			isa = PBXVariantGroup;
			children = (
				AF5E2F3525A5A08600DAF14E /* Base */,
			);
			name = LaunchScreen.storyboard;
			sourceTree = "<group>";
		};
		AF5E2F3625A5A08600DAF14E /* Register.storyboard */ = {
			isa = PBXVariantGroup;
			children = (
				AF5E2F3725A5A08600DAF14E /* Base */,
			);
			name = Register.storyboard;
			sourceTree = "<group>";
		};
		AF5E2F3825A5A08600DAF14E /* Main.storyboard */ = {
			isa = PBXVariantGroup;
			children = (
				AF5E2F3925A5A08600DAF14E /* Base */,
			);
			name = Main.storyboard;
			sourceTree = "<group>";
		};
		AF5E2F3A25A5A08600DAF14E /* Login.storyboard */ = {
			isa = PBXVariantGroup;
			children = (
				AF5E2F3B25A5A08600DAF14E /* Base */,
			);
			name = Login.storyboard;
			sourceTree = "<group>";
		};
		AF5E2F3C25A5A08600DAF14E /* UserInformation.storyboard */ = {
			isa = PBXVariantGroup;
			children = (
				AF5E2F3D25A5A08600DAF14E /* Base */,
			);
			name = UserInformation.storyboard;
			sourceTree = "<group>";
		};
/* End PBXVariantGroup section */

/* Begin XCBuildConfiguration section */
		AF5531EE25A5992800E13562 /* Debug */ = {
			isa = XCBuildConfiguration;
			buildSettings = {
				ALWAYS_SEARCH_USER_PATHS = NO;
				CLANG_ANALYZER_NONNULL = YES;
				CLANG_ANALYZER_NUMBER_OBJECT_CONVERSION = YES_AGGRESSIVE;
				CLANG_CXX_LANGUAGE_STANDARD = "gnu++14";
				CLANG_CXX_LIBRARY = "libc++";
				CLANG_ENABLE_MODULES = YES;
				CLANG_ENABLE_OBJC_ARC = YES;
				CLANG_ENABLE_OBJC_WEAK = YES;
				CLANG_WARN_BLOCK_CAPTURE_AUTORELEASING = YES;
				CLANG_WARN_BOOL_CONVERSION = YES;
				CLANG_WARN_COMMA = YES;
				CLANG_WARN_CONSTANT_CONVERSION = YES;
				CLANG_WARN_DEPRECATED_OBJC_IMPLEMENTATIONS = YES;
				CLANG_WARN_DIRECT_OBJC_ISA_USAGE = YES_ERROR;
				CLANG_WARN_DOCUMENTATION_COMMENTS = YES;
				CLANG_WARN_EMPTY_BODY = YES;
				CLANG_WARN_ENUM_CONVERSION = YES;
				CLANG_WARN_INFINITE_RECURSION = YES;
				CLANG_WARN_INT_CONVERSION = YES;
				CLANG_WARN_NON_LITERAL_NULL_CONVERSION = YES;
				CLANG_WARN_OBJC_IMPLICIT_RETAIN_SELF = YES;
				CLANG_WARN_OBJC_LITERAL_CONVERSION = YES;
				CLANG_WARN_OBJC_ROOT_CLASS = YES_ERROR;
				CLANG_WARN_QUOTED_INCLUDE_IN_FRAMEWORK_HEADER = YES;
				CLANG_WARN_RANGE_LOOP_ANALYSIS = YES;
				CLANG_WARN_STRICT_PROTOTYPES = YES;
				CLANG_WARN_SUSPICIOUS_MOVE = YES;
				CLANG_WARN_UNGUARDED_AVAILABILITY = YES_AGGRESSIVE;
				CLANG_WARN_UNREACHABLE_CODE = YES;
				CLANG_WARN__DUPLICATE_METHOD_MATCH = YES;
				COPY_PHASE_STRIP = NO;
				DEBUG_INFORMATION_FORMAT = dwarf;
				ENABLE_STRICT_OBJC_MSGSEND = YES;
				ENABLE_TESTABILITY = YES;
				GCC_C_LANGUAGE_STANDARD = gnu11;
				GCC_DYNAMIC_NO_PIC = NO;
				GCC_NO_COMMON_BLOCKS = YES;
				GCC_OPTIMIZATION_LEVEL = 0;
				GCC_PREPROCESSOR_DEFINITIONS = (
					"DEBUG=1",
					"$(inherited)",
				);
				GCC_WARN_64_TO_32_BIT_CONVERSION = YES;
				GCC_WARN_ABOUT_RETURN_TYPE = YES_ERROR;
				GCC_WARN_UNDECLARED_SELECTOR = YES;
				GCC_WARN_UNINITIALIZED_AUTOS = YES_AGGRESSIVE;
				GCC_WARN_UNUSED_FUNCTION = YES;
				GCC_WARN_UNUSED_VARIABLE = YES;
				IPHONEOS_DEPLOYMENT_TARGET = 14.3;
				MTL_ENABLE_DEBUG_INFO = INCLUDE_SOURCE;
				MTL_FAST_MATH = YES;
				ONLY_ACTIVE_ARCH = YES;
				SDKROOT = iphoneos;
				SWIFT_ACTIVE_COMPILATION_CONDITIONS = DEBUG;
				SWIFT_OPTIMIZATION_LEVEL = "-Onone";
			};
			name = Debug;
		};
		AF5531EF25A5992800E13562 /* Release */ = {
			isa = XCBuildConfiguration;
			buildSettings = {
				ALWAYS_SEARCH_USER_PATHS = NO;
				CLANG_ANALYZER_NONNULL = YES;
				CLANG_ANALYZER_NUMBER_OBJECT_CONVERSION = YES_AGGRESSIVE;
				CLANG_CXX_LANGUAGE_STANDARD = "gnu++14";
				CLANG_CXX_LIBRARY = "libc++";
				CLANG_ENABLE_MODULES = YES;
				CLANG_ENABLE_OBJC_ARC = YES;
				CLANG_ENABLE_OBJC_WEAK = YES;
				CLANG_WARN_BLOCK_CAPTURE_AUTORELEASING = YES;
				CLANG_WARN_BOOL_CONVERSION = YES;
				CLANG_WARN_COMMA = YES;
				CLANG_WARN_CONSTANT_CONVERSION = YES;
				CLANG_WARN_DEPRECATED_OBJC_IMPLEMENTATIONS = YES;
				CLANG_WARN_DIRECT_OBJC_ISA_USAGE = YES_ERROR;
				CLANG_WARN_DOCUMENTATION_COMMENTS = YES;
				CLANG_WARN_EMPTY_BODY = YES;
				CLANG_WARN_ENUM_CONVERSION = YES;
				CLANG_WARN_INFINITE_RECURSION = YES;
				CLANG_WARN_INT_CONVERSION = YES;
				CLANG_WARN_NON_LITERAL_NULL_CONVERSION = YES;
				CLANG_WARN_OBJC_IMPLICIT_RETAIN_SELF = YES;
				CLANG_WARN_OBJC_LITERAL_CONVERSION = YES;
				CLANG_WARN_OBJC_ROOT_CLASS = YES_ERROR;
				CLANG_WARN_QUOTED_INCLUDE_IN_FRAMEWORK_HEADER = YES;
				CLANG_WARN_RANGE_LOOP_ANALYSIS = YES;
				CLANG_WARN_STRICT_PROTOTYPES = YES;
				CLANG_WARN_SUSPICIOUS_MOVE = YES;
				CLANG_WARN_UNGUARDED_AVAILABILITY = YES_AGGRESSIVE;
				CLANG_WARN_UNREACHABLE_CODE = YES;
				CLANG_WARN__DUPLICATE_METHOD_MATCH = YES;
				COPY_PHASE_STRIP = NO;
				DEBUG_INFORMATION_FORMAT = "dwarf-with-dsym";
				ENABLE_NS_ASSERTIONS = NO;
				ENABLE_STRICT_OBJC_MSGSEND = YES;
				GCC_C_LANGUAGE_STANDARD = gnu11;
				GCC_NO_COMMON_BLOCKS = YES;
				GCC_WARN_64_TO_32_BIT_CONVERSION = YES;
				GCC_WARN_ABOUT_RETURN_TYPE = YES_ERROR;
				GCC_WARN_UNDECLARED_SELECTOR = YES;
				GCC_WARN_UNINITIALIZED_AUTOS = YES_AGGRESSIVE;
				GCC_WARN_UNUSED_FUNCTION = YES;
				GCC_WARN_UNUSED_VARIABLE = YES;
				IPHONEOS_DEPLOYMENT_TARGET = 14.3;
				MTL_ENABLE_DEBUG_INFO = NO;
				MTL_FAST_MATH = YES;
				SDKROOT = iphoneos;
				SWIFT_COMPILATION_MODE = wholemodule;
				SWIFT_OPTIMIZATION_LEVEL = "-O";
				VALIDATE_PRODUCT = YES;
			};
			name = Release;
		};
		AF5531F125A5992800E13562 /* Debug */ = {
			isa = XCBuildConfiguration;
			baseConfigurationReference = B2A4751A3340941A1C42F4D9 /* Pods-TuyaAppSDKSample-iOS-Swift.debug.xcconfig */;
			buildSettings = {
				ASSETCATALOG_COMPILER_APPICON_NAME = AppIcon;
				ASSETCATALOG_COMPILER_GLOBAL_ACCENT_COLOR_NAME = AccentColor;
				CODE_SIGN_STYLE = Automatic;
				DEVELOPMENT_TEAM = 64ZYG66RMG;
				INFOPLIST_FILE = "TuyaAppSDKSample-iOS-Swift/Info.plist";
				IPHONEOS_DEPLOYMENT_TARGET = 12.0;
				LD_RUNPATH_SEARCH_PATHS = (
					"$(inherited)",
					"@executable_path/Frameworks",
				);
				PRODUCT_BUNDLE_IDENTIFIER = "com.dasautoooo.SDK-Sample";
				PRODUCT_NAME = "$(TARGET_NAME)";
				SWIFT_VERSION = 5.0;
				TARGETED_DEVICE_FAMILY = 1;
			};
			name = Debug;
		};
		AF5531F225A5992800E13562 /* Release */ = {
			isa = XCBuildConfiguration;
			baseConfigurationReference = 207E8BAF216CF8ED00C5937A /* Pods-TuyaAppSDKSample-iOS-Swift.release.xcconfig */;
			buildSettings = {
				ASSETCATALOG_COMPILER_APPICON_NAME = AppIcon;
				ASSETCATALOG_COMPILER_GLOBAL_ACCENT_COLOR_NAME = AccentColor;
				CODE_SIGN_STYLE = Automatic;
				DEVELOPMENT_TEAM = 64ZYG66RMG;
				INFOPLIST_FILE = "TuyaAppSDKSample-iOS-Swift/Info.plist";
				IPHONEOS_DEPLOYMENT_TARGET = 12.0;
				LD_RUNPATH_SEARCH_PATHS = (
					"$(inherited)",
					"@executable_path/Frameworks",
				);
				PRODUCT_BUNDLE_IDENTIFIER = "com.dasautoooo.SDK-Sample";
				PRODUCT_NAME = "$(TARGET_NAME)";
				SWIFT_VERSION = 5.0;
				TARGETED_DEVICE_FAMILY = 1;
			};
			name = Release;
		};
/* End XCBuildConfiguration section */

/* Begin XCConfigurationList section */
		AF5531D725A5992500E13562 /* Build configuration list for PBXProject "TuyaAppSDKSample-iOS-Swift" */ = {
			isa = XCConfigurationList;
			buildConfigurations = (
				AF5531EE25A5992800E13562 /* Debug */,
				AF5531EF25A5992800E13562 /* Release */,
			);
			defaultConfigurationIsVisible = 0;
			defaultConfigurationName = Release;
		};
		AF5531F025A5992800E13562 /* Build configuration list for PBXNativeTarget "TuyaAppSDKSample-iOS-Swift" */ = {
			isa = XCConfigurationList;
			buildConfigurations = (
				AF5531F125A5992800E13562 /* Debug */,
				AF5531F225A5992800E13562 /* Release */,
			);
			defaultConfigurationIsVisible = 0;
			defaultConfigurationName = Release;
		};
/* End XCConfigurationList section */
	};
	rootObject = AF5531D425A5992500E13562 /* Project object */;
}
